
Microsoft Visual Studio Solution File, Format Version 12.00
# Visual Studio 15
VisualStudioVersion = 15.0.27130.2020
MinimumVisualStudioVersion = 10.0.40219.1
Project("{FAE04EC0-301F-11D3-BF4B-00C04F79EFBC}") = "CeasarEncryptorV2", "EncryptorParams\CeasarEncryptorV2.csproj", "{B949A9FE-5A2B-45B4-9406-62D3F3369F42}"
EndProject
Global
	GlobalSection(SolutionConfigurationPlatforms) = preSolution
		Debug|Any CPU = Debug|Any CPU
		Release|Any CPU = Release|Any CPU
	EndGlobalSection
	GlobalSection(ProjectConfigurationPlatforms) = postSolution
		{B949A9FE-5A2B-45B4-9406-62D3F3369F42}.Debug|Any CPU.ActiveCfg = Debug|Any CPU
		{B949A9FE-5A2B-45B4-9406-62D3F3369F42}.Debug|Any CPU.Build.0 = Debug|Any CPU
		{B949A9FE-5A2B-45B4-9406-62D3F3369F42}.Release|Any CPU.ActiveCfg = Release|Any CPU
		{B949A9FE-5A2B-45B4-9406-62D3F3369F42}.Release|Any CPU.Build.0 = Release|Any CPU
	EndGlobalSection
	GlobalSection(SolutionProperties) = preSolution
		HideSolutionNode = FALSE
	EndGlobalSection
	GlobalSection(ExtensibilityGlobals) = postSolution
		SolutionGuid = {E6DA1963-E8D6-4DCE-BAFC-3880E66776FA}
	EndGlobalSection
EndGlobal
